
Microsoft Visual Studio Solution File, Format Version 12.00
# Visual Studio Version 16
VisualStudioVersion = 16.0.29926.136
MinimumVisualStudioVersion = 10.0.40219.1
Project("{9A19103F-16F7-4668-BE54-9A1E7A4F7556}") = "QuodAstrum", "QuodAstrum.csproj", "{8B380203-66DB-4453-889A-F3C1458DC005}"
EndProject
Global
	GlobalSection(SolutionConfigurationPlatforms) = preSolution
		Debug|Any CPU = Debug|Any CPU
		Release|Any CPU = Release|Any CPU
	EndGlobalSection
	GlobalSection(ProjectConfigurationPlatforms) = postSolution
		{8B380203-66DB-4453-889A-F3C1458DC005}.Debug|Any CPU.ActiveCfg = Debug|Any CPU
		{8B380203-66DB-4453-889A-F3C1458DC005}.Debug|Any CPU.Build.0 = Debug|Any CPU
		{8B380203-66DB-4453-889A-F3C1458DC005}.Release|Any CPU.ActiveCfg = Release|Any CPU
		{8B380203-66DB-4453-889A-F3C1458DC005}.Release|Any CPU.Build.0 = Release|Any CPU
	EndGlobalSection
	GlobalSection(SolutionProperties) = preSolution
		HideSolutionNode = FALSE
	EndGlobalSection
	GlobalSection(ExtensibilityGlobals) = postSolution
		SolutionGuid = {B3B0CF67-396F-441C-BD25-7D3C9591C84A}
	EndGlobalSection
EndGlobal
